// !$*UTF8*$!
{
	archiveVersion = 1;
	classes = {
	};
	objectVersion = 50;
	objects = {

/* Begin PBXBuildFile section */
		235964F12170DE0500B423BD /* AppDelegate.swift in Sources */ = {isa = PBXBuildFile; fileRef = 235964F02170DE0500B423BD /* AppDelegate.swift */; };
		235964F32170DE0500B423BD /* ViewController.swift in Sources */ = {isa = PBXBuildFile; fileRef = 235964F22170DE0500B423BD /* ViewController.swift */; };
		235964F62170DE0500B423BD /* Main.storyboard in Resources */ = {isa = PBXBuildFile; fileRef = 235964F42170DE0500B423BD /* Main.storyboard */; };
		235964F82170DE0F00B423BD /* Assets.xcassets in Resources */ = {isa = PBXBuildFile; fileRef = 235964F72170DE0F00B423BD /* Assets.xcassets */; };
		235964FB2170DE0F00B423BD /* LaunchScreen.storyboard in Resources */ = {isa = PBXBuildFile; fileRef = 235964F92170DE0F00B423BD /* LaunchScreen.storyboard */; };
		235965032170DFA200B423BD /* SharedCode.framework in Frameworks */ = {isa = PBXBuildFile; fileRef = 235965022170DFA200B423BD /* SharedCode.framework */; };
		235965042170DFA200B423BD /* SharedCode.framework in Embed Frameworks */ = {isa = PBXBuildFile; fileRef = 235965022170DFA200B423BD /* SharedCode.framework */; settings = {ATTRIBUTES = (CodeSignOnCopy, RemoveHeadersOnCopy, ); }; };
/* End PBXBuildFile section */

/* Begin PBXCopyFilesBuildPhase section */
		235965052170DFA300B423BD /* Embed Frameworks */ = {
			isa = PBXCopyFilesBuildPhase;
			buildActionMask = 2147483647;
			dstPath = "";
			dstSubfolderSpec = 10;
			files = (
				235965042170DFA200B423BD /* SharedCode.framework in Embed Frameworks */,
			);
			name = "Embed Frameworks";
			runOnlyForDeploymentPostprocessing = 0;
		};
/* End PBXCopyFilesBuildPhase section */

/* Begin PBXFileReference section */
		235964ED2170DE0500B423BD /* KotlinMultiplatformIos.app */ = {isa = PBXFileReference; explicitFileType = wrapper.application; includeInIndex = 0; path = KotlinMultiplatformIos.app; sourceTree = BUILT_PRODUCTS_DIR; };
		235964F02170DE0500B423BD /* AppDelegate.swift */ = {isa = PBXFileReference; lastKnownFileType = sourcecode.swift; path = AppDelegate.swift; sourceTree = "<group>"; };
		235964F22170DE0500B423BD /* ViewController.swift */ = {isa = PBXFileReference; lastKnownFileType = sourcecode.swift; path = ViewController.swift; sourceTree = "<group>"; };
		235964F52170DE0500B423BD /* Base */ = {isa = PBXFileReference; lastKnownFileType = file.storyboard; name = Base; path = Base.lproj/Main.storyboard; sourceTree = "<group>"; };
		235964F72170DE0F00B423BD /* Assets.xcassets */ = {isa = PBXFileReference; lastKnownFileType = folder.assetcatalog; path = Assets.xcassets; sourceTree = "<group>"; };
		235964FA2170DE0F00B423BD /* Base */ = {isa = PBXFileReference; lastKnownFileType = file.storyboard; name = Base; path = Base.lproj/LaunchScreen.storyboard; sourceTree = "<group>"; };
		235964FC2170DE0F00B423BD /* Info.plist */ = {isa = PBXFileReference; lastKnownFileType = text.plist.xml; path = Info.plist; sourceTree = "<group>"; };
		235965022170DFA200B423BD /* SharedCode.framework */ = {isa = PBXFileReference; lastKnownFileType = wrapper.framework; name = SharedCode.framework; path = "../../SharedCode/build/xcode-frameworks/SharedCode.framework"; sourceTree = "<group>"; };
/* End PBXFileReference section */

/* Begin PBXFrameworksBuildPhase section */
		235964EA2170DE0500B423BD /* Frameworks */ = {
			isa = PBXFrameworksBuildPhase;
			buildActionMask = 2147483647;
			files = (
				235965032170DFA200B423BD /* SharedCode.framework in Frameworks */,
			);
			runOnlyForDeploymentPostprocessing = 0;
		};
/* End PBXFrameworksBuildPhase section */

/* Begin PBXGroup section */
		235964E42170DE0400B423BD = {
			isa = PBXGroup;
			children = (
				235965022170DFA200B423BD /* SharedCode.framework */,
				235964EF2170DE0500B423BD /* KotlinMultiplatformIos */,
				235964EE2170DE0500B423BD /* Products */,
			);
			sourceTree = "<group>";
		};
		235964EE2170DE0500B423BD /* Products */ = {
			isa = PBXGroup;
			children = (
				235964ED2170DE0500B423BD /* KotlinMultiplatformIos.app */,
			);
			name = Products;
			sourceTree = "<group>";
		};
		235964EF2170DE0500B423BD /* KotlinMultiplatformIos */ = {
			isa = PBXGroup;
			children = (
				235964F02170DE0500B423BD /* AppDelegate.swift */,
				235964F22170DE0500B423BD /* ViewController.swift */,
				235964F42170DE0500B423BD /* Main.storyboard */,
				235964F72170DE0F00B423BD /* Assets.xcassets */,
				235964F92170DE0F00B423BD /* LaunchScreen.storyboard */,
				235964FC2170DE0F00B423BD /* Info.plist */,
			);
			path = KotlinMultiplatformIos;
			sourceTree = "<group>";
		};
/* End PBXGroup section */

/* Begin PBXNativeTarget section */
		235964EC2170DE0500B423BD /* KotlinMultiplatformIos */ = {
			isa = PBXNativeTarget;
			buildConfigurationList = 235964FF2170DE0F00B423BD /* Build configuration list for PBXNativeTarget "KotlinMultiplatformIos" */;
			buildPhases = (
				235964E92170DE0500B423BD /* Sources */,
				235964EA2170DE0500B423BD /* Frameworks */,
				235964EB2170DE0500B423BD /* Resources */,
				235965052170DFA300B423BD /* Embed Frameworks */,
				235965062170DFE500B423BD /* ShellScript */,
			);
			buildRules = (
			);
			dependencies = (
			);
			name = KotlinMultiplatformIos;
			productName = KotlinMultiplatformIos;
			productReference = 235964ED2170DE0500B423BD /* KotlinMultiplatformIos.app */;
			productType = "com.apple.product-type.application";
		};
/* End PBXNativeTarget section */

/* Begin PBXProject section */
		235964E52170DE0400B423BD /* Project object */ = {
			isa = PBXProject;
			attributes = {
				LastSwiftUpdateCheck = 1000;
				LastUpgradeCheck = 1000;
				ORGANIZATIONNAME = "V-Mobile";
				TargetAttributes = {
					235964EC2170DE0500B423BD = {
						CreatedOnToolsVersion = 10.0;
					};
				};
			};
			buildConfigurationList = 235964E82170DE0400B423BD /* Build configuration list for PBXProject "KotlinMultiplatformIos" */;
			compatibilityVersion = "Xcode 9.3";
			developmentRegion = en;
			hasScannedForEncodings = 0;
			knownRegions = (
				en,
				Base,
			);
			mainGroup = 235964E42170DE0400B423BD;
			productRefGroup = 235964EE2170DE0500B423BD /* Products */;
			projectDirPath = "";
			projectRoot = "";
			targets = (
				235964EC2170DE0500B423BD /* KotlinMultiplatformIos */,
			);
		};
/* End PBXProject section */

/* Begin PBXResourcesBuildPhase section */
		235964EB2170DE0500B423BD /* Resources */ = {
			isa = PBXResourcesBuildPhase;
			buildActionMask = 2147483647;
			files = (
				235964FB2170DE0F00B423BD /* LaunchScreen.storyboard in Resources */,
				235964F82170DE0F00B423BD /* Assets.xcassets in Resources */,
				235964F62170DE0500B423BD /* Main.storyboard in Resources */,
			);
			runOnlyForDeploymentPostprocessing = 0;
		};
/* End PBXResourcesBuildPhase section */

/* Begin PBXShellScriptBuildPhase section */
		235965062170DFE500B423BD /* ShellScript */ = {
			isa = PBXShellScriptBuildPhase;
			buildActionMask = 2147483647;
			files = (
			);
			inputFileListPaths = (
			);
			inputPaths = (
			);
			outputFileListPaths = (
			);
			outputPaths = (
			);
			runOnlyForDeploymentPostprocessing = 0;
			shellPath = /bin/sh;
			shellScript = "\ncd \"/Users/v-mobile/Desktop/KotlinMultiplatformExample/SharedCode/build/xcode-frameworks\"\n./gradlew :SharedCode:packForXCode\n";
		};
/* End PBXShellScriptBuildPhase section */

/* Begin PBXSourcesBuildPhase section */
		235964E92170DE0500B423BD /* Sources */ = {
			isa = PBXSourcesBuildPhase;
			buildActionMask = 2147483647;
			files = (
				235964F32170DE0500B423BD /* ViewController.swift in Sources */,
				235964F12170DE0500B423BD /* AppDelegate.swift in Sources */,
			);
			runOnlyForDeploymentPostprocessing = 0;
		};
/* End PBXSourcesBuildPhase section */

/* Begin PBXVariantGroup section */
		235964F42170DE0500B423BD /* Main.storyboard */ = {
			isa = PBXVariantGroup;
			children = (
				235964F52170DE0500B423BD /* Base */,
			);
			name = Main.storyboard;
			sourceTree = "<group>";
		};
		235964F92170DE0F00B423BD /* LaunchScreen.storyboard */ = {
			isa = PBXVariantGroup;
			children = (
				235964FA2170DE0F00B423BD /* Base */,
			);
			name = LaunchScreen.storyboard;
			sourceTree = "<group>";
		};
/* End PBXVariantGroup section */

/* Begin XCBuildConfiguration section */
		235964FD2170DE0F00B423BD /* Debug */ = {
			isa = XCBuildConfiguration;
			buildSettings = {
				ALWAYS_SEARCH_USER_PATHS = NO;
				CLANG_ANALYZER_NONNULL = YES;
				CLANG_ANALYZER_NUMBER_OBJECT_CONVERSION = YES_AGGRESSIVE;
				CLANG_CXX_LANGUAGE_STANDARD = "gnu++14";
				CLANG_CXX_LIBRARY = "libc++";
				CLANG_ENABLE_MODULES = YES;
				CLANG_ENABLE_OBJC_ARC = YES;
				CLANG_ENABLE_OBJC_WEAK = YES;
				CLANG_WARN_BLOCK_CAPTURE_AUTORELEASING = YES;
				CLANG_WARN_BOOL_CONVERSION = YES;
				CLANG_WARN_COMMA = YES;
				CLANG_WARN_CONSTANT_CONVERSION = YES;
				CLANG_WARN_DEPRECATED_OBJC_IMPLEMENTATIONS = YES;
				CLANG_WARN_DIRECT_OBJC_ISA_USAGE = YES_ERROR;
				CLANG_WARN_DOCUMENTATION_COMMENTS = YES;
				CLANG_WARN_EMPTY_BODY = YES;
				CLANG_WARN_ENUM_CONVERSION = YES;
				CLANG_WARN_INFINITE_RECURSION = YES;
				CLANG_WARN_INT_CONVERSION = YES;
				CLANG_WARN_NON_LITERAL_NULL_CONVERSION = YES;
				CLANG_WARN_OBJC_IMPLICIT_RETAIN_SELF = YES;
				CLANG_WARN_OBJC_LITERAL_CONVERSION = YES;
				CLANG_WARN_OBJC_ROOT_CLASS = YES_ERROR;
				CLANG_WARN_RANGE_LOOP_ANALYSIS = YES;
				CLANG_WARN_STRICT_PROTOTYPES = YES;
				CLANG_WARN_SUSPICIOUS_MOVE = YES;
				CLANG_WARN_UNGUARDED_AVAILABILITY = YES_AGGRESSIVE;
				CLANG_WARN_UNREACHABLE_CODE = YES;
				CLANG_WARN__DUPLICATE_METHOD_MATCH = YES;
				CODE_SIGN_IDENTITY = "iPhone Developer";
				COPY_PHASE_STRIP = NO;
				DEBUG_INFORMATION_FORMAT = dwarf;
				ENABLE_STRICT_OBJC_MSGSEND = YES;
				ENABLE_TESTABILITY = YES;
				GCC_C_LANGUAGE_STANDARD = gnu11;
				GCC_DYNAMIC_NO_PIC = NO;
				GCC_NO_COMMON_BLOCKS = YES;
				GCC_OPTIMIZATION_LEVEL = 0;
				GCC_PREPROCESSOR_DEFINITIONS = (
					"DEBUG=1",
					"$(inherited)",
				);
				GCC_WARN_64_TO_32_BIT_CONVERSION = YES;
				GCC_WARN_ABOUT_RETURN_TYPE = YES_ERROR;
				GCC_WARN_UNDECLARED_SELECTOR = YES;
				GCC_WARN_UNINITIALIZED_AUTOS = YES_AGGRESSIVE;
				GCC_WARN_UNUSED_FUNCTION = YES;
				GCC_WARN_UNUSED_VARIABLE = YES;
				IPHONEOS_DEPLOYMENT_TARGET = 12.0;
				MTL_ENABLE_DEBUG_INFO = INCLUDE_SOURCE;
				MTL_FAST_MATH = YES;
				ONLY_ACTIVE_ARCH = YES;
				SDKROOT = iphoneos;
				SWIFT_ACTIVE_COMPILATION_CONDITIONS = DEBUG;
				SWIFT_OPTIMIZATION_LEVEL = "-Onone";
			};
			name = Debug;
		};
		235964FE2170DE0F00B423BD /* Release */ = {
			isa = XCBuildConfiguration;
			buildSettings = {
				ALWAYS_SEARCH_USER_PATHS = NO;
				CLANG_ANALYZER_NONNULL = YES;
				CLANG_ANALYZER_NUMBER_OBJECT_CONVERSION = YES_AGGRESSIVE;
				CLANG_CXX_LANGUAGE_STANDARD = "gnu++14";
				CLANG_CXX_LIBRARY = "libc++";
				CLANG_ENABLE_MODULES = YES;
				CLANG_ENABLE_OBJC_ARC = YES;
				CLANG_ENABLE_OBJC_WEAK = YES;
				CLANG_WARN_BLOCK_CAPTURE_AUTORELEASING = YES;
				CLANG_WARN_BOOL_CONVERSION = YES;
				CLANG_WARN_COMMA = YES;
				CLANG_WARN_CONSTANT_CONVERSION = YES;
				CLANG_WARN_DEPRECATED_OBJC_IMPLEMENTATIONS = YES;
				CLANG_WARN_DIRECT_OBJC_ISA_USAGE = YES_ERROR;
				CLANG_WARN_DOCUMENTATION_COMMENTS = YES;
				CLANG_WARN_EMPTY_BODY = YES;
				CLANG_WARN_ENUM_CONVERSION = YES;
				CLANG_WARN_INFINITE_RECURSION = YES;
				CLANG_WARN_INT_CONVERSION = YES;
				CLANG_WARN_NON_LITERAL_NULL_CONVERSION = YES;
				CLANG_WARN_OBJC_IMPLICIT_RETAIN_SELF = YES;
				CLANG_WARN_OBJC_LITERAL_CONVERSION = YES;
				CLANG_WARN_OBJC_ROOT_CLASS = YES_ERROR;
				CLANG_WARN_RANGE_LOOP_ANALYSIS = YES;
				CLANG_WARN_STRICT_PROTOTYPES = YES;
				CLANG_WARN_SUSPICIOUS_MOVE = YES;
				CLANG_WARN_UNGUARDED_AVAILABILITY = YES_AGGRESSIVE;
				CLANG_WARN_UNREACHABLE_CODE = YES;
				CLANG_WARN__DUPLICATE_METHOD_MATCH = YES;
				CODE_SIGN_IDENTITY = "iPhone Developer";
				COPY_PHASE_STRIP = NO;
				DEBUG_INFORMATION_FORMAT = "dwarf-with-dsym";
				ENABLE_NS_ASSERTIONS = NO;
				ENABLE_STRICT_OBJC_MSGSEND = YES;
				GCC_C_LANGUAGE_STANDARD = gnu11;
				GCC_NO_COMMON_BLOCKS = YES;
				GCC_WARN_64_TO_32_BIT_CONVERSION = YES;
				GCC_WARN_ABOUT_RETURN_TYPE = YES_ERROR;
				GCC_WARN_UNDECLARED_SELECTOR = YES;
				GCC_WARN_UNINITIALIZED_AUTOS = YES_AGGRESSIVE;
				GCC_WARN_UNUSED_FUNCTION = YES;
				GCC_WARN_UNUSED_VARIABLE = YES;
				IPHONEOS_DEPLOYMENT_TARGET = 12.0;
				MTL_ENABLE_DEBUG_INFO = NO;
				MTL_FAST_MATH = YES;
				SDKROOT = iphoneos;
				SWIFT_COMPILATION_MODE = wholemodule;
				SWIFT_OPTIMIZATION_LEVEL = "-O";
				VALIDATE_PRODUCT = YES;
			};
			name = Release;
		};
		235965002170DE0F00B423BD /* Debug */ = {
			isa = XCBuildConfiguration;
			buildSettings = {
				ASSETCATALOG_COMPILER_APPICON_NAME = AppIcon;
				CODE_SIGN_STYLE = Automatic;
				ENABLE_BITCODE = NO;
				FRAMEWORK_SEARCH_PATHS = "/Users/v-mobile/Desktop/KotlinMultiplatformExample/SharedCode/build/xcode-frameworks";
				INFOPLIST_FILE = KotlinMultiplatformIos/Info.plist;
				LD_RUNPATH_SEARCH_PATHS = (
					"$(inherited)",
					"@executable_path/Frameworks",
				);
				PRODUCT_BUNDLE_IDENTIFIER = test.KotlinMultiplatformIos;
				PRODUCT_NAME = "$(TARGET_NAME)";
				SWIFT_VERSION = 4.2;
				TARGETED_DEVICE_FAMILY = "1,2";
			};
			name = Debug;
		};
		235965012170DE0F00B423BD /* Release */ = {
			isa = XCBuildConfiguration;
			buildSettings = {
				ASSETCATALOG_COMPILER_APPICON_NAME = AppIcon;
				CODE_SIGN_STYLE = Automatic;
				ENABLE_BITCODE = NO;
				FRAMEWORK_SEARCH_PATHS = "/Users/v-mobile/Desktop/KotlinMultiplatformExample/SharedCode/build/xcode-frameworks";
				INFOPLIST_FILE = KotlinMultiplatformIos/Info.plist;
				LD_RUNPATH_SEARCH_PATHS = (
					"$(inherited)",
					"@executable_path/Frameworks",
				);
				PRODUCT_BUNDLE_IDENTIFIER = test.KotlinMultiplatformIos;
				PRODUCT_NAME = "$(TARGET_NAME)";
				SWIFT_VERSION = 4.2;
				TARGETED_DEVICE_FAMILY = "1,2";
			};
			name = Release;
		};
/* End XCBuildConfiguration section */

/* Begin XCConfigurationList section */
		235964E82170DE0400B423BD /* Build configuration list for PBXProject "KotlinMultiplatformIos" */ = {
			isa = XCConfigurationList;
			buildConfigurations = (
				235964FD2170DE0F00B423BD /* Debug */,
				235964FE2170DE0F00B423BD /* Release */,
			);
			defaultConfigurationIsVisible = 0;
			defaultConfigurationName = Release;
		};
		235964FF2170DE0F00B423BD /* Build configuration list for PBXNativeTarget "KotlinMultiplatformIos" */ = {
			isa = XCConfigurationList;
			buildConfigurations = (
				235965002170DE0F00B423BD /* Debug */,
				235965012170DE0F00B423BD /* Release */,
			);
			defaultConfigurationIsVisible = 0;
			defaultConfigurationName = Release;
		};
/* End XCConfigurationList section */
	};
	rootObject = 235964E52170DE0400B423BD /* Project object */;
}
